schema: '2.0'
stages:
  prepare:
    cmd: python src/prepare.py --input ./data/train_anomaly.csv --output ./data/prepare
    deps:
    - path: data/train_anomaly.csv
      md5: 0cd0553754e93dc7028f91c8412d465c
      size: 95604148
    - path: src/prepare.py
      md5: 24959801e5997b9920b3b62d37c6080b
      size: 974
    outs:
    - path: data/prepare
      md5: 6fffa965d02347788de51fc511cad36b.dir
      size: 94479866
      nfiles: 2
  train:
    cmd: python src/train_ridge.py --input ./data/prepare/prepared_train.csv --output
      ./models/model_ridge.pkl
    deps:
    - path: data/prepare/prepared_train.csv
      md5: 26635528e4c868d6767b1f9030a4b9d8
      size: 9448083
    - path: src/train_ridge.py
      md5: b7fb600ef3e5533eeb500688b92f734c
      size: 1319
    outs:
    - path: models/model_ridge.pkl
      md5: 98dbc2b48e4803811f3d3b9493b55bcc
      size: 13701
  evaluate:
    cmd: python src/evaluate.py --input-data ./data/prepare/prepared_val.csv --input-model
      ./models/model_ridge.pkl --output ./scores.json
    deps:
    - path: data/prepare/prepared_val.csv
      md5: bc0bbc4020098bb27ab0fd57414532b4
      size: 85031783
    - path: models/model_ridge.pkl
      md5: a406510cc7adc9d2e21538520dde35fe
      size: 13702
    - path: src/evaluate.py
      md5: 266811a56dccc1908b140a4be335a33c
      size: 1130
    outs:
    - path: scores.json
      md5: 929f660d457ac763714bf379c9f17d7d
      size: 33
  train_lr:
    cmd: python src/train_ridge.py --input ./data/prepare/prepared_train.csv --output
      ./models/model_ridge.pkl
    deps:
    - path: data/prepare/prepared_train.csv
      md5: 26635528e4c868d6767b1f9030a4b9d8
      size: 9448083
    - path: src/train_ridge.py
      md5: 81fc19e7da567620835b26a7220c42a3
      size: 1203
    outs:
    - path: models/model_ridge.pkl
      md5: a406510cc7adc9d2e21538520dde35fe
      size: 13702
